
Microsoft Visual Studio Solution File, Format Version 12.00
# Visual Studio Version 17
VisualStudioVersion = 17.5.33530.505
MinimumVisualStudioVersion = 10.0.40219.1
Project("{9A19103F-16F7-4668-BE54-9A1E7A4F7556}") = "KoTi", "KoTi.csproj", "{BF1BCEDB-F870-4735-96F8-B907A6094058}"
EndProject
Global
	GlobalSection(SolutionConfigurationPlatforms) = preSolution
		Debug|Any CPU = Debug|Any CPU
		Release|Any CPU = Release|Any CPU
	EndGlobalSection
	GlobalSection(ProjectConfigurationPlatforms) = postSolution
		{BF1BCEDB-F870-4735-96F8-B907A6094058}.Debug|Any CPU.ActiveCfg = Release|Any CPU
		{BF1BCEDB-F870-4735-96F8-B907A6094058}.Debug|Any CPU.Build.0 = Release|Any CPU
		{BF1BCEDB-F870-4735-96F8-B907A6094058}.Release|Any CPU.ActiveCfg = Release|Any CPU
		{BF1BCEDB-F870-4735-96F8-B907A6094058}.Release|Any CPU.Build.0 = Release|Any CPU
	EndGlobalSection
	GlobalSection(SolutionProperties) = preSolution
		HideSolutionNode = FALSE
	EndGlobalSection
	GlobalSection(ExtensibilityGlobals) = postSolution
		SolutionGuid = {1347BE8F-370E-4C77-99AD-DF884354FD7E}
	EndGlobalSection
EndGlobal
